{
  "object": {
    "pins": [
      {
        "package": "MIOCore",
        "repositoryURL": "https://github.com/miolabs/MIOCore.git",
        "state": {
          "branch": "master",
          "revision": "da363857df58a1bc91a2c1e043a33ed8124e257a",
          "version": null
        }
      },
      {
        "package": "MIOCoreData",
        "repositoryURL": "https://github.com/miolabs/MIOCoreData.git",
        "state": {
          "branch": "master",
          "revision": "29243f43849c63290b80f2c69f708cc171df3243",
          "version": null
        }
      }
    ]
  },
  "version": 1
}
