{
  "object": {
    "pins": [
      {
        "package": "MIOCore",
        "repositoryURL": "https://github.com/miolabs/MIOCore.git",
        "state": {
          "branch": "master",
          "revision": "da363857df58a1bc91a2c1e043a33ed8124e257a",
          "version": null
        }
      },
      {
        "package": "MIOCoreData",
        "repositoryURL": "https://github.com/miolabs/MIOCoreData.git",
        "state": {
          "branch": "swiftManager",
          "revision": "e75b256ad0a39d811b2e0017d3865581d0004eb8",
          "version": null
        }
      }
    ]
  },
  "version": 1
}
